
Microsoft Visual Studio Solution File, Format Version 12.00
# Visual Studio Version 17
VisualStudioVersion = 17.6.33801.468
MinimumVisualStudioVersion = 10.0.40219.1
Project("{FAE04EC0-301F-11D3-BF4B-00C04F79EFBC}") = "Homework1_4", "Homework1_4\Homework1_4.csproj", "{EE354D82-68E3-48D1-996A-4A3C270D873B}"
EndProject
Global
	GlobalSection(SolutionConfigurationPlatforms) = preSolution
		Debug|Any CPU = Debug|Any CPU
		Release|Any CPU = Release|Any CPU
	EndGlobalSection
	GlobalSection(ProjectConfigurationPlatforms) = postSolution
		{EE354D82-68E3-48D1-996A-4A3C270D873B}.Debug|Any CPU.ActiveCfg = Debug|Any CPU
		{EE354D82-68E3-48D1-996A-4A3C270D873B}.Debug|Any CPU.Build.0 = Debug|Any CPU
		{EE354D82-68E3-48D1-996A-4A3C270D873B}.Release|Any CPU.ActiveCfg = Release|Any CPU
		{EE354D82-68E3-48D1-996A-4A3C270D873B}.Release|Any CPU.Build.0 = Release|Any CPU
	EndGlobalSection
	GlobalSection(SolutionProperties) = preSolution
		HideSolutionNode = FALSE
	EndGlobalSection
	GlobalSection(ExtensibilityGlobals) = postSolution
		SolutionGuid = {8CC2DFA0-98D9-47BC-8830-0418AB58A475}
	EndGlobalSection
EndGlobal
